schema: '2.0'
stages:
  get_data:
    cmd: python src/get_data.py
    deps:
    - path: src/get_data.py
      hash: md5
      md5: a7cb450eebd4293206733ce95d8bdaf0
      size: 436
    outs:
    - path: smsspamcollection
      hash: md5
      md5: 6a96da26fe9ed5d450b58dd97347334e.dir
      size: 687902
      nfiles: 3
  text_preprocessing:
    cmd: python src/text_preprocessing.py
    deps:
    - path: src/text_preprocessing.py
      hash: md5
      md5: 6fc3ca0303398eed27fb7802ba3b7554
      size: 2620
